// !$*UTF8*$!
{
	archiveVersion = 1;
	classes = {
	};
	objectVersion = 46;
	objects = {

/* Begin PBXBuildFile section */
		8462F12CA6D2D90E6DF1A649 /* Pods_AVScrubberTests.framework in Frameworks */ = {isa = PBXBuildFile; fileRef = 6530CE9F89B0BCA8A2DECF8E /* Pods_AVScrubberTests.framework */; };
		A8449442A2C5F489E794C1DA /* Pods_AVScrubber.framework in Frameworks */ = {isa = PBXBuildFile; fileRef = D8D9558334171BF2367B9118 /* Pods_AVScrubber.framework */; };
		F4BCFACA1E10E7C00056AA60 /* AppDelegate.swift in Sources */ = {isa = PBXBuildFile; fileRef = F4BCFAC91E10E7C00056AA60 /* AppDelegate.swift */; };
		F4BCFACF1E10E7C00056AA60 /* Main.storyboard in Resources */ = {isa = PBXBuildFile; fileRef = F4BCFACD1E10E7C00056AA60 /* Main.storyboard */; };
		F4BCFAD11E10E7C00056AA60 /* Assets.xcassets in Resources */ = {isa = PBXBuildFile; fileRef = F4BCFAD01E10E7C00056AA60 /* Assets.xcassets */; };
		F4BCFAD41E10E7C00056AA60 /* LaunchScreen.storyboard in Resources */ = {isa = PBXBuildFile; fileRef = F4BCFAD21E10E7C00056AA60 /* LaunchScreen.storyboard */; };
		F4BCFADF1E10E7C00056AA60 /* AVScrubberTests.swift in Sources */ = {isa = PBXBuildFile; fileRef = F4BCFADE1E10E7C00056AA60 /* AVScrubberTests.swift */; };
		F4BCFAEA1E10E8100056AA60 /* AVScrubberView.swift in Sources */ = {isa = PBXBuildFile; fileRef = F4BCFAE91E10E8100056AA60 /* AVScrubberView.swift */; };
		F4BCFAEC1E1189470056AA60 /* AVNoAudioLabel.swift in Sources */ = {isa = PBXBuildFile; fileRef = F4BCFAEB1E1189470056AA60 /* AVNoAudioLabel.swift */; };
		F4BCFAEE1E1197FD0056AA60 /* AVScrubberModel.swift in Sources */ = {isa = PBXBuildFile; fileRef = F4BCFAED1E1197FD0056AA60 /* AVScrubberModel.swift */; };
		F4BCFAF11E1598F60056AA60 /* trimmedMP3-45.m4a in Resources */ = {isa = PBXBuildFile; fileRef = F4BCFAEF1E1598F60056AA60 /* trimmedMP3-45.m4a */; };
		F4BCFAF21E1598F60056AA60 /* trimmedMP3.m4a in Resources */ = {isa = PBXBuildFile; fileRef = F4BCFAF01E1598F60056AA60 /* trimmedMP3.m4a */; };
		F4BCFAF41E15D4000056AA60 /* ViewController.swift in Sources */ = {isa = PBXBuildFile; fileRef = F4BCFAF31E15D4000056AA60 /* ViewController.swift */; };
		F4BCFAF61E1651280056AA60 /* AVScrubberHeaderView.swift in Sources */ = {isa = PBXBuildFile; fileRef = F4BCFAF51E1651280056AA60 /* AVScrubberHeaderView.swift */; };
		F4BCFAF81E16526E0056AA60 /* AVScrubberPlayheadView.swift in Sources */ = {isa = PBXBuildFile; fileRef = F4BCFAF71E16526E0056AA60 /* AVScrubberPlayheadView.swift */; };
		F4BCFAFA1E19A44F0056AA60 /* AVScrubberScrollView.swift in Sources */ = {isa = PBXBuildFile; fileRef = F4BCFAF91E19A44F0056AA60 /* AVScrubberScrollView.swift */; };
		F4BCFAFC1E19BFB20056AA60 /* AVSamplesView.swift in Sources */ = {isa = PBXBuildFile; fileRef = F4BCFAFB1E19BFB20056AA60 /* AVSamplesView.swift */; };
		F4BCFAFE1E1AE80D0056AA60 /* AVScrubberViewModel.swift in Sources */ = {isa = PBXBuildFile; fileRef = F4BCFAFD1E1AE80D0056AA60 /* AVScrubberViewModel.swift */; };
/* End PBXBuildFile section */

/* Begin PBXContainerItemProxy section */
		F4BCFADB1E10E7C00056AA60 /* PBXContainerItemProxy */ = {
			isa = PBXContainerItemProxy;
			containerPortal = F4BCFABE1E10E7C00056AA60 /* Project object */;
			proxyType = 1;
			remoteGlobalIDString = F4BCFAC51E10E7C00056AA60;
			remoteInfo = AVScrubber;
		};
/* End PBXContainerItemProxy section */

/* Begin PBXFileReference section */
		118E81C543FCBA6679933353 /* Pods-AVScrubber.debug.xcconfig */ = {isa = PBXFileReference; includeInIndex = 1; lastKnownFileType = text.xcconfig; name = "Pods-AVScrubber.debug.xcconfig"; path = "Pods/Target Support Files/Pods-AVScrubber/Pods-AVScrubber.debug.xcconfig"; sourceTree = "<group>"; };
		3859B6A5A4CD61ED2E77E063 /* Pods-AVScrubberTests.release.xcconfig */ = {isa = PBXFileReference; includeInIndex = 1; lastKnownFileType = text.xcconfig; name = "Pods-AVScrubberTests.release.xcconfig"; path = "Pods/Target Support Files/Pods-AVScrubberTests/Pods-AVScrubberTests.release.xcconfig"; sourceTree = "<group>"; };
		6530CE9F89B0BCA8A2DECF8E /* Pods_AVScrubberTests.framework */ = {isa = PBXFileReference; explicitFileType = wrapper.framework; includeInIndex = 0; path = Pods_AVScrubberTests.framework; sourceTree = BUILT_PRODUCTS_DIR; };
		6EF3D11F503C3141FAFDDEF3 /* Pods-AVScrubberTests.debug.xcconfig */ = {isa = PBXFileReference; includeInIndex = 1; lastKnownFileType = text.xcconfig; name = "Pods-AVScrubberTests.debug.xcconfig"; path = "Pods/Target Support Files/Pods-AVScrubberTests/Pods-AVScrubberTests.debug.xcconfig"; sourceTree = "<group>"; };
		8C5CACA6EFAA67CDCB213545 /* Pods-AVScrubber.release.xcconfig */ = {isa = PBXFileReference; includeInIndex = 1; lastKnownFileType = text.xcconfig; name = "Pods-AVScrubber.release.xcconfig"; path = "Pods/Target Support Files/Pods-AVScrubber/Pods-AVScrubber.release.xcconfig"; sourceTree = "<group>"; };
		D8D9558334171BF2367B9118 /* Pods_AVScrubber.framework */ = {isa = PBXFileReference; explicitFileType = wrapper.framework; includeInIndex = 0; path = Pods_AVScrubber.framework; sourceTree = BUILT_PRODUCTS_DIR; };
		F4BCFAC61E10E7C00056AA60 /* AVScrubber.app */ = {isa = PBXFileReference; explicitFileType = wrapper.application; includeInIndex = 0; path = AVScrubber.app; sourceTree = BUILT_PRODUCTS_DIR; };
		F4BCFAC91E10E7C00056AA60 /* AppDelegate.swift */ = {isa = PBXFileReference; lastKnownFileType = sourcecode.swift; path = AppDelegate.swift; sourceTree = "<group>"; };
		F4BCFACE1E10E7C00056AA60 /* Base */ = {isa = PBXFileReference; lastKnownFileType = file.storyboard; name = Base; path = Base.lproj/Main.storyboard; sourceTree = "<group>"; };
		F4BCFAD01E10E7C00056AA60 /* Assets.xcassets */ = {isa = PBXFileReference; lastKnownFileType = folder.assetcatalog; path = Assets.xcassets; sourceTree = "<group>"; };
		F4BCFAD31E10E7C00056AA60 /* Base */ = {isa = PBXFileReference; lastKnownFileType = file.storyboard; name = Base; path = Base.lproj/LaunchScreen.storyboard; sourceTree = "<group>"; };
		F4BCFAD51E10E7C00056AA60 /* Info.plist */ = {isa = PBXFileReference; lastKnownFileType = text.plist.xml; path = Info.plist; sourceTree = "<group>"; };
		F4BCFADA1E10E7C00056AA60 /* AVScrubberTests.xctest */ = {isa = PBXFileReference; explicitFileType = wrapper.cfbundle; includeInIndex = 0; path = AVScrubberTests.xctest; sourceTree = BUILT_PRODUCTS_DIR; };
		F4BCFADE1E10E7C00056AA60 /* AVScrubberTests.swift */ = {isa = PBXFileReference; lastKnownFileType = sourcecode.swift; path = AVScrubberTests.swift; sourceTree = "<group>"; };
		F4BCFAE01E10E7C00056AA60 /* Info.plist */ = {isa = PBXFileReference; lastKnownFileType = text.plist.xml; path = Info.plist; sourceTree = "<group>"; };
		F4BCFAE91E10E8100056AA60 /* AVScrubberView.swift */ = {isa = PBXFileReference; fileEncoding = 4; lastKnownFileType = sourcecode.swift; path = AVScrubberView.swift; sourceTree = "<group>"; };
		F4BCFAEB1E1189470056AA60 /* AVNoAudioLabel.swift */ = {isa = PBXFileReference; fileEncoding = 4; lastKnownFileType = sourcecode.swift; path = AVNoAudioLabel.swift; sourceTree = "<group>"; };
		F4BCFAED1E1197FD0056AA60 /* AVScrubberModel.swift */ = {isa = PBXFileReference; fileEncoding = 4; lastKnownFileType = sourcecode.swift; path = AVScrubberModel.swift; sourceTree = "<group>"; };
		F4BCFAEF1E1598F60056AA60 /* trimmedMP3-45.m4a */ = {isa = PBXFileReference; lastKnownFileType = file; path = "trimmedMP3-45.m4a"; sourceTree = "<group>"; };
		F4BCFAF01E1598F60056AA60 /* trimmedMP3.m4a */ = {isa = PBXFileReference; lastKnownFileType = file; path = trimmedMP3.m4a; sourceTree = "<group>"; };
		F4BCFAF31E15D4000056AA60 /* ViewController.swift */ = {isa = PBXFileReference; fileEncoding = 4; lastKnownFileType = sourcecode.swift; path = ViewController.swift; sourceTree = "<group>"; };
		F4BCFAF51E1651280056AA60 /* AVScrubberHeaderView.swift */ = {isa = PBXFileReference; fileEncoding = 4; lastKnownFileType = sourcecode.swift; path = AVScrubberHeaderView.swift; sourceTree = "<group>"; };
		F4BCFAF71E16526E0056AA60 /* AVScrubberPlayheadView.swift */ = {isa = PBXFileReference; fileEncoding = 4; lastKnownFileType = sourcecode.swift; path = AVScrubberPlayheadView.swift; sourceTree = "<group>"; };
		F4BCFAF91E19A44F0056AA60 /* AVScrubberScrollView.swift */ = {isa = PBXFileReference; fileEncoding = 4; lastKnownFileType = sourcecode.swift; path = AVScrubberScrollView.swift; sourceTree = "<group>"; };
		F4BCFAFB1E19BFB20056AA60 /* AVSamplesView.swift */ = {isa = PBXFileReference; fileEncoding = 4; lastKnownFileType = sourcecode.swift; path = AVSamplesView.swift; sourceTree = "<group>"; };
		F4BCFAFD1E1AE80D0056AA60 /* AVScrubberViewModel.swift */ = {isa = PBXFileReference; fileEncoding = 4; lastKnownFileType = sourcecode.swift; path = AVScrubberViewModel.swift; sourceTree = "<group>"; };
/* End PBXFileReference section */

/* Begin PBXFrameworksBuildPhase section */
		F4BCFAC31E10E7C00056AA60 /* Frameworks */ = {
			isa = PBXFrameworksBuildPhase;
			buildActionMask = 2147483647;
			files = (
				A8449442A2C5F489E794C1DA /* Pods_AVScrubber.framework in Frameworks */,
			);
			runOnlyForDeploymentPostprocessing = 0;
		};
		F4BCFAD71E10E7C00056AA60 /* Frameworks */ = {
			isa = PBXFrameworksBuildPhase;
			buildActionMask = 2147483647;
			files = (
				8462F12CA6D2D90E6DF1A649 /* Pods_AVScrubberTests.framework in Frameworks */,
			);
			runOnlyForDeploymentPostprocessing = 0;
		};
/* End PBXFrameworksBuildPhase section */

/* Begin PBXGroup section */
		261993006B7D7BEB468E7935 /* Pods */ = {
			isa = PBXGroup;
			children = (
				118E81C543FCBA6679933353 /* Pods-AVScrubber.debug.xcconfig */,
				8C5CACA6EFAA67CDCB213545 /* Pods-AVScrubber.release.xcconfig */,
				6EF3D11F503C3141FAFDDEF3 /* Pods-AVScrubberTests.debug.xcconfig */,
				3859B6A5A4CD61ED2E77E063 /* Pods-AVScrubberTests.release.xcconfig */,
			);
			name = Pods;
			sourceTree = "<group>";
		};
		9BACF1B80181E7C6E5B28959 /* Frameworks */ = {
			isa = PBXGroup;
			children = (
				D8D9558334171BF2367B9118 /* Pods_AVScrubber.framework */,
				6530CE9F89B0BCA8A2DECF8E /* Pods_AVScrubberTests.framework */,
			);
			name = Frameworks;
			sourceTree = "<group>";
		};
		F4BCFABD1E10E7C00056AA60 = {
			isa = PBXGroup;
			children = (
				F4BCFAC81E10E7C00056AA60 /* AVScrubber */,
				F4BCFADD1E10E7C00056AA60 /* AVScrubberTests */,
				F4BCFAC71E10E7C00056AA60 /* Products */,
				261993006B7D7BEB468E7935 /* Pods */,
				9BACF1B80181E7C6E5B28959 /* Frameworks */,
			);
			sourceTree = "<group>";
		};
		F4BCFAC71E10E7C00056AA60 /* Products */ = {
			isa = PBXGroup;
			children = (
				F4BCFAC61E10E7C00056AA60 /* AVScrubber.app */,
				F4BCFADA1E10E7C00056AA60 /* AVScrubberTests.xctest */,
			);
			name = Products;
			sourceTree = "<group>";
		};
		F4BCFAC81E10E7C00056AA60 /* AVScrubber */ = {
			isa = PBXGroup;
			children = (
				F4BCFAEF1E1598F60056AA60 /* trimmedMP3-45.m4a */,
				F4BCFAF01E1598F60056AA60 /* trimmedMP3.m4a */,
				F4BCFAC91E10E7C00056AA60 /* AppDelegate.swift */,
				F4BCFAF31E15D4000056AA60 /* ViewController.swift */,
				F4BCFAE91E10E8100056AA60 /* AVScrubberView.swift */,
				F4BCFAFD1E1AE80D0056AA60 /* AVScrubberViewModel.swift */,
				F4BCFAFB1E19BFB20056AA60 /* AVSamplesView.swift */,
				F4BCFAED1E1197FD0056AA60 /* AVScrubberModel.swift */,
				F4BCFAEB1E1189470056AA60 /* AVNoAudioLabel.swift */,
				F4BCFAF51E1651280056AA60 /* AVScrubberHeaderView.swift */,
				F4BCFAF71E16526E0056AA60 /* AVScrubberPlayheadView.swift */,
				F4BCFAF91E19A44F0056AA60 /* AVScrubberScrollView.swift */,
				F4BCFACD1E10E7C00056AA60 /* Main.storyboard */,
				F4BCFAD01E10E7C00056AA60 /* Assets.xcassets */,
				F4BCFAD21E10E7C00056AA60 /* LaunchScreen.storyboard */,
				F4BCFAD51E10E7C00056AA60 /* Info.plist */,
			);
			path = AVScrubber;
			sourceTree = "<group>";
		};
		F4BCFADD1E10E7C00056AA60 /* AVScrubberTests */ = {
			isa = PBXGroup;
			children = (
				F4BCFADE1E10E7C00056AA60 /* AVScrubberTests.swift */,
				F4BCFAE01E10E7C00056AA60 /* Info.plist */,
			);
			path = AVScrubberTests;
			sourceTree = "<group>";
		};
/* End PBXGroup section */

/* Begin PBXNativeTarget section */
		F4BCFAC51E10E7C00056AA60 /* AVScrubber */ = {
			isa = PBXNativeTarget;
			buildConfigurationList = F4BCFAE31E10E7C00056AA60 /* Build configuration list for PBXNativeTarget "AVScrubber" */;
			buildPhases = (
				C809AC43C1C7B2AD744CC7BC /* [CP] Check Pods Manifest.lock */,
				F4BCFAC21E10E7C00056AA60 /* Sources */,
				F4BCFAC31E10E7C00056AA60 /* Frameworks */,
				F4BCFAC41E10E7C00056AA60 /* Resources */,
				5E6464D32F9749D904E4A4F0 /* [CP] Embed Pods Frameworks */,
				0259165CA8522EC1DDBDEC7B /* [CP] Copy Pods Resources */,
			);
			buildRules = (
			);
			dependencies = (
			);
			name = AVScrubber;
			productName = AVScrubber;
			productReference = F4BCFAC61E10E7C00056AA60 /* AVScrubber.app */;
			productType = "com.apple.product-type.application";
		};
		F4BCFAD91E10E7C00056AA60 /* AVScrubberTests */ = {
			isa = PBXNativeTarget;
			buildConfigurationList = F4BCFAE61E10E7C00056AA60 /* Build configuration list for PBXNativeTarget "AVScrubberTests" */;
			buildPhases = (
				011F1F006E9C3EEFADAEC30F /* [CP] Check Pods Manifest.lock */,
				F4BCFAD61E10E7C00056AA60 /* Sources */,
				F4BCFAD71E10E7C00056AA60 /* Frameworks */,
				F4BCFAD81E10E7C00056AA60 /* Resources */,
				8F6EE2268669553856C4D362 /* [CP] Embed Pods Frameworks */,
				025B5D16013275CA6375FE26 /* [CP] Copy Pods Resources */,
			);
			buildRules = (
			);
			dependencies = (
				F4BCFADC1E10E7C00056AA60 /* PBXTargetDependency */,
			);
			name = AVScrubberTests;
			productName = AVScrubberTests;
			productReference = F4BCFADA1E10E7C00056AA60 /* AVScrubberTests.xctest */;
			productType = "com.apple.product-type.bundle.unit-test";
		};
/* End PBXNativeTarget section */

/* Begin PBXProject section */
		F4BCFABE1E10E7C00056AA60 /* Project object */ = {
			isa = PBXProject;
			attributes = {
				LastSwiftUpdateCheck = 0800;
				LastUpgradeCheck = 0800;
				ORGANIZATIONNAME = Vetch;
				TargetAttributes = {
					F4BCFAC51E10E7C00056AA60 = {
						CreatedOnToolsVersion = 8.0;
						DevelopmentTeam = CN6KC63QNP;
						ProvisioningStyle = Automatic;
					};
					F4BCFAD91E10E7C00056AA60 = {
						CreatedOnToolsVersion = 8.0;
						DevelopmentTeam = CN6KC63QNP;
						ProvisioningStyle = Automatic;
						TestTargetID = F4BCFAC51E10E7C00056AA60;
					};
				};
			};
			buildConfigurationList = F4BCFAC11E10E7C00056AA60 /* Build configuration list for PBXProject "AVScrubber" */;
			compatibilityVersion = "Xcode 3.2";
			developmentRegion = English;
			hasScannedForEncodings = 0;
			knownRegions = (
				en,
				Base,
			);
			mainGroup = F4BCFABD1E10E7C00056AA60;
			productRefGroup = F4BCFAC71E10E7C00056AA60 /* Products */;
			projectDirPath = "";
			projectRoot = "";
			targets = (
				F4BCFAC51E10E7C00056AA60 /* AVScrubber */,
				F4BCFAD91E10E7C00056AA60 /* AVScrubberTests */,
			);
		};
/* End PBXProject section */

/* Begin PBXResourcesBuildPhase section */
		F4BCFAC41E10E7C00056AA60 /* Resources */ = {
			isa = PBXResourcesBuildPhase;
			buildActionMask = 2147483647;
			files = (
				F4BCFAD41E10E7C00056AA60 /* LaunchScreen.storyboard in Resources */,
				F4BCFAF11E1598F60056AA60 /* trimmedMP3-45.m4a in Resources */,
				F4BCFAD11E10E7C00056AA60 /* Assets.xcassets in Resources */,
				F4BCFACF1E10E7C00056AA60 /* Main.storyboard in Resources */,
				F4BCFAF21E1598F60056AA60 /* trimmedMP3.m4a in Resources */,
			);
			runOnlyForDeploymentPostprocessing = 0;
		};
		F4BCFAD81E10E7C00056AA60 /* Resources */ = {
			isa = PBXResourcesBuildPhase;
			buildActionMask = 2147483647;
			files = (
			);
			runOnlyForDeploymentPostprocessing = 0;
		};
/* End PBXResourcesBuildPhase section */

/* Begin PBXShellScriptBuildPhase section */
		011F1F006E9C3EEFADAEC30F /* [CP] Check Pods Manifest.lock */ = {
			isa = PBXShellScriptBuildPhase;
			buildActionMask = 2147483647;
			files = (
			);
			inputPaths = (
			);
			name = "[CP] Check Pods Manifest.lock";
			outputPaths = (
			);
			runOnlyForDeploymentPostprocessing = 0;
			shellPath = /bin/sh;
			shellScript = "diff \"${PODS_ROOT}/../Podfile.lock\" \"${PODS_ROOT}/Manifest.lock\" > /dev/null\nif [ $? != 0 ] ; then\n    # print error to STDERR\n    echo \"error: The sandbox is not in sync with the Podfile.lock. Run 'pod install' or update your CocoaPods installation.\" >&2\n    exit 1\nfi\n";
			showEnvVarsInLog = 0;
		};
		0259165CA8522EC1DDBDEC7B /* [CP] Copy Pods Resources */ = {
			isa = PBXShellScriptBuildPhase;
			buildActionMask = 2147483647;
			files = (
			);
			inputPaths = (
			);
			name = "[CP] Copy Pods Resources";
			outputPaths = (
			);
			runOnlyForDeploymentPostprocessing = 0;
			shellPath = /bin/sh;
			shellScript = "\"${SRCROOT}/Pods/Target Support Files/Pods-AVScrubber/Pods-AVScrubber-resources.sh\"\n";
			showEnvVarsInLog = 0;
		};
		025B5D16013275CA6375FE26 /* [CP] Copy Pods Resources */ = {
			isa = PBXShellScriptBuildPhase;
			buildActionMask = 2147483647;
			files = (
			);
			inputPaths = (
			);
			name = "[CP] Copy Pods Resources";
			outputPaths = (
			);
			runOnlyForDeploymentPostprocessing = 0;
			shellPath = /bin/sh;
			shellScript = "\"${SRCROOT}/Pods/Target Support Files/Pods-AVScrubberTests/Pods-AVScrubberTests-resources.sh\"\n";
			showEnvVarsInLog = 0;
		};
		5E6464D32F9749D904E4A4F0 /* [CP] Embed Pods Frameworks */ = {
			isa = PBXShellScriptBuildPhase;
			buildActionMask = 2147483647;
			files = (
			);
			inputPaths = (
			);
			name = "[CP] Embed Pods Frameworks";
			outputPaths = (
			);
			runOnlyForDeploymentPostprocessing = 0;
			shellPath = /bin/sh;
			shellScript = "\"${SRCROOT}/Pods/Target Support Files/Pods-AVScrubber/Pods-AVScrubber-frameworks.sh\"\n";
			showEnvVarsInLog = 0;
		};
		8F6EE2268669553856C4D362 /* [CP] Embed Pods Frameworks */ = {
			isa = PBXShellScriptBuildPhase;
			buildActionMask = 2147483647;
			files = (
			);
			inputPaths = (
			);
			name = "[CP] Embed Pods Frameworks";
			outputPaths = (
			);
			runOnlyForDeploymentPostprocessing = 0;
			shellPath = /bin/sh;
			shellScript = "\"${SRCROOT}/Pods/Target Support Files/Pods-AVScrubberTests/Pods-AVScrubberTests-frameworks.sh\"\n";
			showEnvVarsInLog = 0;
		};
		C809AC43C1C7B2AD744CC7BC /* [CP] Check Pods Manifest.lock */ = {
			isa = PBXShellScriptBuildPhase;
			buildActionMask = 2147483647;
			files = (
			);
			inputPaths = (
			);
			name = "[CP] Check Pods Manifest.lock";
			outputPaths = (
			);
			runOnlyForDeploymentPostprocessing = 0;
			shellPath = /bin/sh;
			shellScript = "diff \"${PODS_ROOT}/../Podfile.lock\" \"${PODS_ROOT}/Manifest.lock\" > /dev/null\nif [ $? != 0 ] ; then\n    # print error to STDERR\n    echo \"error: The sandbox is not in sync with the Podfile.lock. Run 'pod install' or update your CocoaPods installation.\" >&2\n    exit 1\nfi\n";
			showEnvVarsInLog = 0;
		};
/* End PBXShellScriptBuildPhase section */

/* Begin PBXSourcesBuildPhase section */
		F4BCFAC21E10E7C00056AA60 /* Sources */ = {
			isa = PBXSourcesBuildPhase;
			buildActionMask = 2147483647;
			files = (
				F4BCFAFC1E19BFB20056AA60 /* AVSamplesView.swift in Sources */,
				F4BCFAF41E15D4000056AA60 /* ViewController.swift in Sources */,
				F4BCFAEE1E1197FD0056AA60 /* AVScrubberModel.swift in Sources */,
				F4BCFAFE1E1AE80D0056AA60 /* AVScrubberViewModel.swift in Sources */,
				F4BCFAEA1E10E8100056AA60 /* AVScrubberView.swift in Sources */,
				F4BCFACA1E10E7C00056AA60 /* AppDelegate.swift in Sources */,
				F4BCFAF81E16526E0056AA60 /* AVScrubberPlayheadView.swift in Sources */,
				F4BCFAF61E1651280056AA60 /* AVScrubberHeaderView.swift in Sources */,
				F4BCFAFA1E19A44F0056AA60 /* AVScrubberScrollView.swift in Sources */,
				F4BCFAEC1E1189470056AA60 /* AVNoAudioLabel.swift in Sources */,
			);
			runOnlyForDeploymentPostprocessing = 0;
		};
		F4BCFAD61E10E7C00056AA60 /* Sources */ = {
			isa = PBXSourcesBuildPhase;
			buildActionMask = 2147483647;
			files = (
				F4BCFADF1E10E7C00056AA60 /* AVScrubberTests.swift in Sources */,
			);
			runOnlyForDeploymentPostprocessing = 0;
		};
/* End PBXSourcesBuildPhase section */

/* Begin PBXTargetDependency section */
		F4BCFADC1E10E7C00056AA60 /* PBXTargetDependency */ = {
			isa = PBXTargetDependency;
			target = F4BCFAC51E10E7C00056AA60 /* AVScrubber */;
			targetProxy = F4BCFADB1E10E7C00056AA60 /* PBXContainerItemProxy */;
		};
/* End PBXTargetDependency section */

/* Begin PBXVariantGroup section */
		F4BCFACD1E10E7C00056AA60 /* Main.storyboard */ = {
			isa = PBXVariantGroup;
			children = (
				F4BCFACE1E10E7C00056AA60 /* Base */,
			);
			name = Main.storyboard;
			sourceTree = "<group>";
		};
		F4BCFAD21E10E7C00056AA60 /* LaunchScreen.storyboard */ = {
			isa = PBXVariantGroup;
			children = (
				F4BCFAD31E10E7C00056AA60 /* Base */,
			);
			name = LaunchScreen.storyboard;
			sourceTree = "<group>";
		};
/* End PBXVariantGroup section */

/* Begin XCBuildConfiguration section */
		F4BCFAE11E10E7C00056AA60 /* Debug */ = {
			isa = XCBuildConfiguration;
			buildSettings = {
				ALWAYS_SEARCH_USER_PATHS = NO;
				CLANG_ANALYZER_NONNULL = YES;
				CLANG_CXX_LANGUAGE_STANDARD = "gnu++0x";
				CLANG_CXX_LIBRARY = "libc++";
				CLANG_ENABLE_MODULES = YES;
				CLANG_ENABLE_OBJC_ARC = YES;
				CLANG_WARN_BOOL_CONVERSION = YES;
				CLANG_WARN_CONSTANT_CONVERSION = YES;
				CLANG_WARN_DIRECT_OBJC_ISA_USAGE = YES_ERROR;
				CLANG_WARN_DOCUMENTATION_COMMENTS = YES;
				CLANG_WARN_EMPTY_BODY = YES;
				CLANG_WARN_ENUM_CONVERSION = YES;
				CLANG_WARN_INFINITE_RECURSION = YES;
				CLANG_WARN_INT_CONVERSION = YES;
				CLANG_WARN_OBJC_ROOT_CLASS = YES_ERROR;
				CLANG_WARN_SUSPICIOUS_MOVES = YES;
				CLANG_WARN_UNREACHABLE_CODE = YES;
				CLANG_WARN__DUPLICATE_METHOD_MATCH = YES;
				"CODE_SIGN_IDENTITY[sdk=iphoneos*]" = "iPhone Developer";
				COPY_PHASE_STRIP = NO;
				DEBUG_INFORMATION_FORMAT = dwarf;
				ENABLE_STRICT_OBJC_MSGSEND = YES;
				ENABLE_TESTABILITY = YES;
				GCC_C_LANGUAGE_STANDARD = gnu99;
				GCC_DYNAMIC_NO_PIC = NO;
				GCC_NO_COMMON_BLOCKS = YES;
				GCC_OPTIMIZATION_LEVEL = 0;
				GCC_PREPROCESSOR_DEFINITIONS = (
					"DEBUG=1",
					"$(inherited)",
				);
				GCC_WARN_64_TO_32_BIT_CONVERSION = YES;
				GCC_WARN_ABOUT_RETURN_TYPE = YES_ERROR;
				GCC_WARN_UNDECLARED_SELECTOR = YES;
				GCC_WARN_UNINITIALIZED_AUTOS = YES_AGGRESSIVE;
				GCC_WARN_UNUSED_FUNCTION = YES;
				GCC_WARN_UNUSED_VARIABLE = YES;
				IPHONEOS_DEPLOYMENT_TARGET = 10.0;
				MTL_ENABLE_DEBUG_INFO = YES;
				ONLY_ACTIVE_ARCH = YES;
				SDKROOT = iphoneos;
				SWIFT_ACTIVE_COMPILATION_CONDITIONS = DEBUG;
				SWIFT_OPTIMIZATION_LEVEL = "-Onone";
				TARGETED_DEVICE_FAMILY = "1,2";
			};
			name = Debug;
		};
		F4BCFAE21E10E7C00056AA60 /* Release */ = {
			isa = XCBuildConfiguration;
			buildSettings = {
				ALWAYS_SEARCH_USER_PATHS = NO;
				CLANG_ANALYZER_NONNULL = YES;
				CLANG_CXX_LANGUAGE_STANDARD = "gnu++0x";
				CLANG_CXX_LIBRARY = "libc++";
				CLANG_ENABLE_MODULES = YES;
				CLANG_ENABLE_OBJC_ARC = YES;
				CLANG_WARN_BOOL_CONVERSION = YES;
				CLANG_WARN_CONSTANT_CONVERSION = YES;
				CLANG_WARN_DIRECT_OBJC_ISA_USAGE = YES_ERROR;
				CLANG_WARN_DOCUMENTATION_COMMENTS = YES;
				CLANG_WARN_EMPTY_BODY = YES;
				CLANG_WARN_ENUM_CONVERSION = YES;
				CLANG_WARN_INFINITE_RECURSION = YES;
				CLANG_WARN_INT_CONVERSION = YES;
				CLANG_WARN_OBJC_ROOT_CLASS = YES_ERROR;
				CLANG_WARN_SUSPICIOUS_MOVES = YES;
				CLANG_WARN_UNREACHABLE_CODE = YES;
				CLANG_WARN__DUPLICATE_METHOD_MATCH = YES;
				"CODE_SIGN_IDENTITY[sdk=iphoneos*]" = "iPhone Developer";
				COPY_PHASE_STRIP = NO;
				DEBUG_INFORMATION_FORMAT = "dwarf-with-dsym";
				ENABLE_NS_ASSERTIONS = NO;
				ENABLE_STRICT_OBJC_MSGSEND = YES;
				GCC_C_LANGUAGE_STANDARD = gnu99;
				GCC_NO_COMMON_BLOCKS = YES;
				GCC_WARN_64_TO_32_BIT_CONVERSION = YES;
				GCC_WARN_ABOUT_RETURN_TYPE = YES_ERROR;
				GCC_WARN_UNDECLARED_SELECTOR = YES;
				GCC_WARN_UNINITIALIZED_AUTOS = YES_AGGRESSIVE;
				GCC_WARN_UNUSED_FUNCTION = YES;
				GCC_WARN_UNUSED_VARIABLE = YES;
				IPHONEOS_DEPLOYMENT_TARGET = 10.0;
				MTL_ENABLE_DEBUG_INFO = NO;
				SDKROOT = iphoneos;
				SWIFT_OPTIMIZATION_LEVEL = "-Owholemodule";
				TARGETED_DEVICE_FAMILY = "1,2";
				VALIDATE_PRODUCT = YES;
			};
			name = Release;
		};
		F4BCFAE41E10E7C00056AA60 /* Debug */ = {
			isa = XCBuildConfiguration;
			baseConfigurationReference = 118E81C543FCBA6679933353 /* Pods-AVScrubber.debug.xcconfig */;
			buildSettings = {
				ASSETCATALOG_COMPILER_APPICON_NAME = AppIcon;
				DEVELOPMENT_TEAM = CN6KC63QNP;
				INFOPLIST_FILE = AVScrubber/Info.plist;
				LD_RUNPATH_SEARCH_PATHS = "$(inherited) @executable_path/Frameworks";
				PRODUCT_BUNDLE_IDENTIFIER = Package.AVScrubber;
				PRODUCT_NAME = "$(TARGET_NAME)";
				SWIFT_VERSION = 3.0;
			};
			name = Debug;
		};
		F4BCFAE51E10E7C00056AA60 /* Release */ = {
			isa = XCBuildConfiguration;
			baseConfigurationReference = 8C5CACA6EFAA67CDCB213545 /* Pods-AVScrubber.release.xcconfig */;
			buildSettings = {
				ASSETCATALOG_COMPILER_APPICON_NAME = AppIcon;
				DEVELOPMENT_TEAM = CN6KC63QNP;
				INFOPLIST_FILE = AVScrubber/Info.plist;
				LD_RUNPATH_SEARCH_PATHS = "$(inherited) @executable_path/Frameworks";
				PRODUCT_BUNDLE_IDENTIFIER = Package.AVScrubber;
				PRODUCT_NAME = "$(TARGET_NAME)";
				SWIFT_VERSION = 3.0;
			};
			name = Release;
		};
		F4BCFAE71E10E7C00056AA60 /* Debug */ = {
			isa = XCBuildConfiguration;
			baseConfigurationReference = 6EF3D11F503C3141FAFDDEF3 /* Pods-AVScrubberTests.debug.xcconfig */;
			buildSettings = {
				ALWAYS_EMBED_SWIFT_STANDARD_LIBRARIES = YES;
				BUNDLE_LOADER = "$(TEST_HOST)";
				DEVELOPMENT_TEAM = CN6KC63QNP;
				INFOPLIST_FILE = AVScrubberTests/Info.plist;
				LD_RUNPATH_SEARCH_PATHS = "$(inherited) @executable_path/Frameworks @loader_path/Frameworks";
				PRODUCT_BUNDLE_IDENTIFIER = Package.AVScrubberTests;
				PRODUCT_NAME = "$(TARGET_NAME)";
				SWIFT_VERSION = 3.0;
				TEST_HOST = "$(BUILT_PRODUCTS_DIR)/AVScrubber.app/AVScrubber";
			};
			name = Debug;
		};
		F4BCFAE81E10E7C00056AA60 /* Release */ = {
			isa = XCBuildConfiguration;
			baseConfigurationReference = 3859B6A5A4CD61ED2E77E063 /* Pods-AVScrubberTests.release.xcconfig */;
			buildSettings = {
				ALWAYS_EMBED_SWIFT_STANDARD_LIBRARIES = YES;
				BUNDLE_LOADER = "$(TEST_HOST)";
				DEVELOPMENT_TEAM = CN6KC63QNP;
				INFOPLIST_FILE = AVScrubberTests/Info.plist;
				LD_RUNPATH_SEARCH_PATHS = "$(inherited) @executable_path/Frameworks @loader_path/Frameworks";
				PRODUCT_BUNDLE_IDENTIFIER = Package.AVScrubberTests;
				PRODUCT_NAME = "$(TARGET_NAME)";
				SWIFT_VERSION = 3.0;
				TEST_HOST = "$(BUILT_PRODUCTS_DIR)/AVScrubber.app/AVScrubber";
			};
			name = Release;
		};
/* End XCBuildConfiguration section */

/* Begin XCConfigurationList section */
		F4BCFAC11E10E7C00056AA60 /* Build configuration list for PBXProject "AVScrubber" */ = {
			isa = XCConfigurationList;
			buildConfigurations = (
				F4BCFAE11E10E7C00056AA60 /* Debug */,
				F4BCFAE21E10E7C00056AA60 /* Release */,
			);
			defaultConfigurationIsVisible = 0;
			defaultConfigurationName = Release;
		};
		F4BCFAE31E10E7C00056AA60 /* Build configuration list for PBXNativeTarget "AVScrubber" */ = {
			isa = XCConfigurationList;
			buildConfigurations = (
				F4BCFAE41E10E7C00056AA60 /* Debug */,
				F4BCFAE51E10E7C00056AA60 /* Release */,
			);
			defaultConfigurationIsVisible = 0;
			defaultConfigurationName = Release;
		};
		F4BCFAE61E10E7C00056AA60 /* Build configuration list for PBXNativeTarget "AVScrubberTests" */ = {
			isa = XCConfigurationList;
			buildConfigurations = (
				F4BCFAE71E10E7C00056AA60 /* Debug */,
				F4BCFAE81E10E7C00056AA60 /* Release */,
			);
			defaultConfigurationIsVisible = 0;
			defaultConfigurationName = Release;
		};
/* End XCConfigurationList section */
	};
	rootObject = F4BCFABE1E10E7C00056AA60 /* Project object */;
}
